
Microsoft Visual Studio Solution File, Format Version 12.00
# Visual Studio Version 16
VisualStudioVersion = 16.0.31005.135
MinimumVisualStudioVersion = 10.0.40219.1
Project("{FAE04EC0-301F-11D3-BF4B-00C04F79EFBC}") = "consumidorrabbit", "consumidorrabbit\consumidorrabbit.csproj", "{A55FD1E4-B7D0-497C-8DFD-3FAC50B8A257}"
EndProject
Global
	GlobalSection(SolutionConfigurationPlatforms) = preSolution
		Debug|Any CPU = Debug|Any CPU
		Release|Any CPU = Release|Any CPU
	EndGlobalSection
	GlobalSection(ProjectConfigurationPlatforms) = postSolution
		{A55FD1E4-B7D0-497C-8DFD-3FAC50B8A257}.Debug|Any CPU.ActiveCfg = Debug|Any CPU
		{A55FD1E4-B7D0-497C-8DFD-3FAC50B8A257}.Debug|Any CPU.Build.0 = Debug|Any CPU
		{A55FD1E4-B7D0-497C-8DFD-3FAC50B8A257}.Release|Any CPU.ActiveCfg = Release|Any CPU
		{A55FD1E4-B7D0-497C-8DFD-3FAC50B8A257}.Release|Any CPU.Build.0 = Release|Any CPU
	EndGlobalSection
	GlobalSection(SolutionProperties) = preSolution
		HideSolutionNode = FALSE
	EndGlobalSection
	GlobalSection(ExtensibilityGlobals) = postSolution
		SolutionGuid = {D93046D8-C87D-43A5-B13A-FB60A3403C23}
	EndGlobalSection
EndGlobal
